
Microsoft Visual Studio Solution File, Format Version 12.00
# Visual Studio Version 17
VisualStudioVersion = 17.4.33205.214
MinimumVisualStudioVersion = 10.0.40219.1
Project("{FAE04EC0-301F-11D3-BF4B-00C04F79EFBC}") = "CSharp_PasswordGenerator", "CSharp_PasswordGenerator\CSharp_PasswordGenerator.csproj", "{2FFEF608-6B1A-4358-852B-43FCE4ADDD45}"
EndProject
Global
	GlobalSection(SolutionConfigurationPlatforms) = preSolution
		Debug|Any CPU = Debug|Any CPU
		Release|Any CPU = Release|Any CPU
	EndGlobalSection
	GlobalSection(ProjectConfigurationPlatforms) = postSolution
		{2FFEF608-6B1A-4358-852B-43FCE4ADDD45}.Debug|Any CPU.ActiveCfg = Debug|Any CPU
		{2FFEF608-6B1A-4358-852B-43FCE4ADDD45}.Debug|Any CPU.Build.0 = Debug|Any CPU
		{2FFEF608-6B1A-4358-852B-43FCE4ADDD45}.Release|Any CPU.ActiveCfg = Release|Any CPU
		{2FFEF608-6B1A-4358-852B-43FCE4ADDD45}.Release|Any CPU.Build.0 = Release|Any CPU
	EndGlobalSection
	GlobalSection(SolutionProperties) = preSolution
		HideSolutionNode = FALSE
	EndGlobalSection
	GlobalSection(ExtensibilityGlobals) = postSolution
		SolutionGuid = {F7F27A74-8C49-4171-84C1-9905C1C07271}
	EndGlobalSection
EndGlobal
